
Microsoft Visual Studio Solution File, Format Version 12.00
# Visual Studio Version 16
VisualStudioVersion = 16.0.31729.503
MinimumVisualStudioVersion = 10.0.40219.1
Project("{FAE04EC0-301F-11D3-BF4B-00C04F79EFBC}") = "EMSProject", "EMSProject\EMSProject.csproj", "{465F9F25-0E72-4354-9EE4-3F997F63D837}"
EndProject
Global
	GlobalSection(SolutionConfigurationPlatforms) = preSolution
		Debug|Any CPU = Debug|Any CPU
		Release|Any CPU = Release|Any CPU
	EndGlobalSection
	GlobalSection(ProjectConfigurationPlatforms) = postSolution
		{465F9F25-0E72-4354-9EE4-3F997F63D837}.Debug|Any CPU.ActiveCfg = Debug|Any CPU
		{465F9F25-0E72-4354-9EE4-3F997F63D837}.Debug|Any CPU.Build.0 = Debug|Any CPU
		{465F9F25-0E72-4354-9EE4-3F997F63D837}.Release|Any CPU.ActiveCfg = Release|Any CPU
		{465F9F25-0E72-4354-9EE4-3F997F63D837}.Release|Any CPU.Build.0 = Release|Any CPU
	EndGlobalSection
	GlobalSection(SolutionProperties) = preSolution
		HideSolutionNode = FALSE
	EndGlobalSection
	GlobalSection(ExtensibilityGlobals) = postSolution
		SolutionGuid = {B10D56A7-0EFF-4BD1-804C-17D2B9E8232A}
	EndGlobalSection
EndGlobal
